
Microsoft Visual Studio Solution File, Format Version 12.00
# Visual Studio 2012
Project("{FAE04EC0-301F-11D3-BF4B-00C04F79EFBC}") = "Eproc", "Eproc\Eproc.csproj", "{86F44FC2-97FD-43FF-9BAE-309E1A139259}"
EndProject
Project("{FAE04EC0-301F-11D3-BF4B-00C04F79EFBC}") = "Eproc.Tests", "Eproc.Tests\Eproc.Tests.csproj", "{58386CBC-8B3C-4D32-9C0E-3137AA6BCFAD}"
EndProject
Global
	GlobalSection(SolutionConfigurationPlatforms) = preSolution
		Debug|Any CPU = Debug|Any CPU
		Release|Any CPU = Release|Any CPU
	EndGlobalSection
	GlobalSection(ProjectConfigurationPlatforms) = postSolution
		{86F44FC2-97FD-43FF-9BAE-309E1A139259}.Debug|Any CPU.ActiveCfg = Debug|Any CPU
		{86F44FC2-97FD-43FF-9BAE-309E1A139259}.Debug|Any CPU.Build.0 = Debug|Any CPU
		{86F44FC2-97FD-43FF-9BAE-309E1A139259}.Release|Any CPU.ActiveCfg = Release|Any CPU
		{86F44FC2-97FD-43FF-9BAE-309E1A139259}.Release|Any CPU.Build.0 = Release|Any CPU
		{58386CBC-8B3C-4D32-9C0E-3137AA6BCFAD}.Debug|Any CPU.ActiveCfg = Debug|Any CPU
		{58386CBC-8B3C-4D32-9C0E-3137AA6BCFAD}.Debug|Any CPU.Build.0 = Debug|Any CPU
		{58386CBC-8B3C-4D32-9C0E-3137AA6BCFAD}.Release|Any CPU.ActiveCfg = Release|Any CPU
		{58386CBC-8B3C-4D32-9C0E-3137AA6BCFAD}.Release|Any CPU.Build.0 = Release|Any CPU
	EndGlobalSection
	GlobalSection(SolutionProperties) = preSolution
		HideSolutionNode = FALSE
	EndGlobalSection
EndGlobal
